{
  "nodes": {
    "nixpkgs": {
      "locked": {
        "lastModified": 1750506804,
        "narHash": "sha256-VLFNc4egNjovYVxDGyBYTrvVCgDYgENp5bVi9fPTDYc=",
        "owner": "nixos",
        "repo": "nixpkgs",
        "rev": "4206c4cb56751df534751b058295ea61357bbbaa",
        "type": "github"
      },
      "original": {
        "owner": "nixos",
        "ref": "nixos-unstable",
        "repo": "nixpkgs",
        "type": "github"
      }
    },
    "root": {
      "inputs": {
        "nixpkgs": "nixpkgs",
        "trevstack-web": "trevstack-web"
      }
    },
    "trevstack-web": {
      "inputs": {
        "nixpkgs": [
          "nixpkgs"
        ]
      },
      "locked": {
        "lastModified": 1750635387,
        "narHash": "sha256-+jm5awIuKrMXDD7R0OKozm0twlopZ7kWLqvg50xdaB8=",
        "owner": "spotdemo4",
        "repo": "ts-web",
        "rev": "485abb3265bd6595ff5de0eacb9820050a7a6380",
        "type": "github"
      },
      "original": {
        "owner": "spotdemo4",
        "repo": "ts-web",
        "type": "github"
      }
    }
  },
  "root": "root",
  "version": 7
}
