{
  "nodes": {
    "nixpkgs": {
      "locked": {
        "lastModified": 1750506804,
        "narHash": "sha256-VLFNc4egNjovYVxDGyBYTrvVCgDYgENp5bVi9fPTDYc=",
        "owner": "nixos",
        "repo": "nixpkgs",
        "rev": "4206c4cb56751df534751b058295ea61357bbbaa",
        "type": "github"
      },
      "original": {
        "owner": "nixos",
        "ref": "nixos-unstable",
        "repo": "nixpkgs",
        "type": "github"
      }
    },
    "root": {
      "inputs": {
        "nixpkgs": "nixpkgs",
        "trevstack-web": "trevstack-web"
      }
    },
    "trevstack-web": {
      "inputs": {
        "nixpkgs": [
          "nixpkgs"
        ]
      },
      "locked": {
        "lastModified": 1750779892,
        "narHash": "sha256-8fB/23atg9SsfehCiGrENq7bQbjwaKQcDphO0DI2GHw=",
        "owner": "spotdemo4",
        "repo": "ts-web",
        "rev": "34683a8d88acb2af2fcab6eee624f7b63da2f176",
        "type": "github"
      },
      "original": {
        "owner": "spotdemo4",
        "ref": "v0.0.1",
        "repo": "ts-web",
        "type": "github"
      }
    }
  },
  "root": "root",
  "version": 7
}
