{
  "nodes": {
    "nixpkgs": {
      "locked": {
        "lastModified": 1750506804,
        "narHash": "sha256-VLFNc4egNjovYVxDGyBYTrvVCgDYgENp5bVi9fPTDYc=",
        "owner": "nixos",
        "repo": "nixpkgs",
        "rev": "4206c4cb56751df534751b058295ea61357bbbaa",
        "type": "github"
      },
      "original": {
        "owner": "nixos",
        "ref": "nixos-unstable",
        "repo": "nixpkgs",
        "type": "github"
      }
    },
    "root": {
      "inputs": {
        "nixpkgs": "nixpkgs",
        "trevstack-web": "trevstack-web"
      }
    },
    "trevstack-web": {
      "inputs": {
        "nixpkgs": [
          "nixpkgs"
        ]
      },
      "locked": {
        "lastModified": 1750653933,
        "narHash": "sha256-ScJUBlN905X8fRSe7MTPwynttWROe9BNjWr9+W8SnDk=",
        "owner": "spotdemo4",
        "repo": "ts-web",
        "rev": "4840abbabb8ad3a160d58b01f4028219350594d0",
        "type": "github"
      },
      "original": {
        "owner": "spotdemo4",
        "repo": "ts-web",
        "type": "github"
      }
    }
  },
  "root": "root",
  "version": 7
}
