buf.build/gen/go/bufbuild/protovalidate/protocolbuffers/go v1.36.7-20250717185734-6c6e0d3c608e.1 h1:/AZH8sVB6LHv8G+hZlAMCP31NevnesHwYgnlgS5Vt14=
buf.build/gen/go/bufbuild/protovalidate/protocolbuffers/go v1.36.7-20250717185734-6c6e0d3c608e.1/go.mod h1:eva/VCrd8X7xuJw+JtwCEyrCKiRRASukFqmirnWBvFU=
buf.build/gen/go/bufbuild/protovalidate/protocolbuffers/go v1.36.8-20250717185734-6c6e0d3c608e.1 h1:sjY1k5uszbIZfv11HO2keV4SLhNA47SabPO886v7Rvo=
buf.build/gen/go/bufbuild/protovalidate/protocolbuffers/go v1.36.8-20250717185734-6c6e0d3c608e.1/go.mod h1:8EQ5GzyGJQ5tEIwMSxCl8RKJYsjCpAwkdcENoioXT6g=
buf.build/gen/go/bufbuild/protovalidate/protocolbuffers/go v1.36.9-20250717185734-6c6e0d3c608e.1 h1:u98oQG8CHYBrOWrYdqbyNpKz4Pw02ssv03DsTInnXn8=
buf.build/gen/go/bufbuild/protovalidate/protocolbuffers/go v1.36.9-20250717185734-6c6e0d3c608e.1/go.mod h1:aY3zbkNan5F+cGm9lITDP6oxJIwu0dn9KjJuJjWaHkg=
buf.build/gen/go/bufbuild/protovalidate/protocolbuffers/go v1.36.9-20250912141014-52f32327d4b0.1 h1:DQLS/rRxLHuugVzjJU5AvOwD57pdFl9he/0O7e5P294=
buf.build/gen/go/bufbuild/protovalidate/protocolbuffers/go v1.36.9-20250912141014-52f32327d4b0.1/go.mod h1:aY3zbkNan5F+cGm9lITDP6oxJIwu0dn9KjJuJjWaHkg=
buf.build/gen/go/bufbuild/protovalidate/protocolbuffers/go v1.36.10-20250912141014-52f32327d4b0.1 h1:31on4W/yPcV4nZHL4+UCiCvLPsMqe/vJcNg8Rci0scc=
buf.build/gen/go/bufbuild/protovalidate/protocolbuffers/go v1.36.10-20250912141014-52f32327d4b0.1/go.mod h1:fUl8CEN/6ZAMk6bP8ahBJPUJw7rbp+j4x+wCcYi2IG4=
buf.build/go/protovalidate v0.13.1 h1:6loHDTWdY/1qmqmt1MijBIKeN4T9Eajrqb9isT1W1s8=
buf.build/go/protovalidate v0.13.1/go.mod h1:C/QcOn/CjXRn5udUwYBiLs8y1TGy7RS+GOSKqjS77aU=
buf.build/go/protovalidate v0.14.0 h1:kr/rC/no+DtRyYX+8KXLDxNnI1rINz0imk5K44ZpZ3A=
buf.build/go/protovalidate v0.14.0/go.mod h1:+F/oISho9MO7gJQNYC2VWLzcO1fTPmaTA08SDYJZncA=
cel.dev/expr v0.24.0 h1:56OvJKSH3hDGL0ml5uSxZmz3/3Pq4tJ+fb1unVLAFcY=
cel.dev/expr v0.24.0/go.mod h1:hLPLo1W4QUmuYdA72RBX06QTs6MXw941piREPl3Yfiw=
connectrpc.com/connect v1.18.1 h1:PAg7CjSAGvscaf6YZKUefjoih5Z/qYkyaTrBW8xvYPw=
connectrpc.com/connect v1.18.1/go.mod h1:0292hj1rnx8oFrStN7cB4jjVBeqs+Yx5yDIC2prWDO8=
connectrpc.com/connect v1.19.0 h1:LuqUbq01PqbtL0o7vn0WMRXzR2nNsiINe5zfcJ24pJM=
connectrpc.com/connect v1.19.0/go.mod h1:tN20fjdGlewnSFeZxLKb0xwIZ6ozc3OQs2hTXy4du9w=
connectrpc.com/connect v1.19.1 h1:R5M57z05+90EfEvCY1b7hBxDVOUl45PrtXtAV2fOC14=
connectrpc.com/connect v1.19.1/go.mod h1:tN20fjdGlewnSFeZxLKb0xwIZ6ozc3OQs2hTXy4du9w=
connectrpc.com/cors v0.1.0 h1:f3gTXJyDZPrDIZCQ567jxfD9PAIpopHiRDnJRt3QuOQ=
connectrpc.com/cors v0.1.0/go.mod h1:v8SJZCPfHtGH1zsm+Ttajpozd4cYIUryl4dFB6QEpfg=
connectrpc.com/validate v0.3.0 h1:eMPASBQM+ztVzuLSXddB61zwJKzvWWZ6RLdIwTgh9Wo=
connectrpc.com/validate v0.3.0/go.mod h1:QLGN/m+oDeI4zaDAANK1L1G5K4i8gg6CUUwyl3HAG4A=
filippo.io/edwards25519 v1.1.0 h1:FNf4tywRC1HmFuKW5xopWpigGjJKiJSV0Cqo0cJWDaA=
filippo.io/edwards25519 v1.1.0/go.mod h1:BxyFTGdWcka3PhytdK4V28tE5sGfRvvvRV7EaN4VDT4=
github.com/aarondl/opt v0.0.0-20250607033636-982744e1bd65 h1:lbdPe4LBNmNDzeQFwNhEc88w90841qv737MI4+aXSYU=
github.com/aarondl/opt v0.0.0-20250607033636-982744e1bd65/go.mod h1:+xKBXrTAUOvrDXO5PRwIr4E1wciHY3Glgl+6OkCXknU=
github.com/amacneil/dbmate/v2 v2.28.0 h1:4fAKHjp1k7yY5Mjn4pBm765qPMTs1hd1a2hV0t8pFas=
github.com/amacneil/dbmate/v2 v2.28.0/go.mod h1:aFMv3X21dCZr3AMJVAYG1ft4/2ylcqrId2o8eqFBVmQ=
github.com/antlr4-go/antlr/v4 v4.13.1 h1:SqQKkuVZ+zWkMMNkjy5FZe5mr5WURWnlpmOuzYWrPrQ=
github.com/antlr4-go/antlr/v4 v4.13.1/go.mod h1:GKmUxMtwp6ZgGwZSva4eWPC5mS6vUAmOABFgjdkM7Nw=
github.com/davecgh/go-spew v1.1.0/go.mod h1:J7Y8YcW2NihsgmVo/mv3lAwl/skON4iLHjSsI+c5H38=
github.com/davecgh/go-spew v1.1.1 h1:vj9j/u1bqnvCEfJOwUhtlOARqs3+rkHYY13jYWTU97c=
github.com/davecgh/go-spew v1.1.1/go.mod h1:J7Y8YcW2NihsgmVo/mv3lAwl/skON4iLHjSsI+c5H38=
github.com/dustin/go-humanize v1.0.1 h1:GzkhY7T5VNhEkwH0PVJgjz+fX1rhBrR7pRT3mDkpeCY=
github.com/dustin/go-humanize v1.0.1/go.mod h1:Mu1zIs6XwVuF/gI1OepvI0qD18qycQx+mFykh5fBlto=
github.com/fxamacker/cbor/v2 v2.9.0 h1:NpKPmjDBgUfBms6tr6JZkTHtfFGcMKsw3eGcmD/sapM=
github.com/fxamacker/cbor/v2 v2.9.0/go.mod h1:vM4b+DJCtHn+zz7h3FFp/hDAI9WNWCsZj23V5ytsSxQ=
github.com/go-sql-driver/mysql v1.9.3 h1:U/N249h2WzJ3Ukj8SowVFjdtZKfu9vlLZxjPXV1aweo=
github.com/go-sql-driver/mysql v1.9.3/go.mod h1:qn46aNg1333BRMNU69Lq93t8du/dwxI64Gl8i5p1WMU=
github.com/go-webauthn/webauthn v0.13.4 h1:q68qusWPcqHbg9STSxBLBHnsKaLxNO0RnVKaAqMuAuQ=
github.com/go-webauthn/webauthn v0.13.4/go.mod h1:MglN6OH9ECxvhDqoq1wMoF6P6JRYDiQpC9nc5OomQmI=
github.com/go-webauthn/webauthn v0.14.0 h1:ZLNPUgPcDlAeoxe+5umWG/tEeCoQIDr7gE2Zx2QnhL0=
github.com/go-webauthn/webauthn v0.14.0/go.mod h1:QZzPFH3LJ48u5uEPAu+8/nWJImoLBWM7iAH/kSVSo6k=
github.com/go-webauthn/x v0.1.23 h1:9lEO0s+g8iTyz5Vszlg/rXTGrx3CjcD0RZQ1GPZCaxI=
github.com/go-webauthn/x v0.1.23/go.mod h1:AJd3hI7NfEp/4fI6T4CHD753u91l510lglU7/NMN6+E=
github.com/go-webauthn/x v0.1.25 h1:g/0noooIGcz/yCVqebcFgNnGIgBlJIccS+LYAa+0Z88=
github.com/go-webauthn/x v0.1.25/go.mod h1:ieblaPY1/BVCV0oQTsA/VAo08/TWayQuJuo5Q+XxmTY=
github.com/golang-jwt/jwt/v5 v5.3.0 h1:pv4AsKCKKZuqlgs5sUmn4x8UlGa0kEVt/puTpKx9vvo=
github.com/golang-jwt/jwt/v5 v5.3.0/go.mod h1:fxCRLWMO43lRc8nhHWY6LGqRcf+1gQWArsqaEUEa5bE=
github.com/google/cel-go v0.25.0 h1:jsFw9Fhn+3y2kBbltZR4VEz5xKkcIFRPDnuEzAGv5GY=
github.com/google/cel-go v0.25.0/go.mod h1:hjEb6r5SuOSlhCHmFoLzu8HGCERvIsDAbxDAyNU/MmI=
github.com/google/go-cmp v0.7.0 h1:wk8382ETsv4JYUZwIsn6YpYiWiBsYLSJiTsyBybVuN8=
github.com/google/go-cmp v0.7.0/go.mod h1:pXiqmnSA92OHEEa9HXL2W4E7lf9JzCmGVUdgjX3N/iU=
github.com/google/go-tpm v0.9.5 h1:ocUmnDebX54dnW+MQWGQRbdaAcJELsa6PqZhJ48KwVU=
github.com/google/go-tpm v0.9.5/go.mod h1:h9jEsEECg7gtLis0upRBQU+GhYVH6jMjrFxI8u6bVUY=
github.com/google/pprof v0.0.0-20250317173921-a4b03ec1a45e h1:ijClszYn+mADRFY17kjQEVQ1XRhq2/JR1M3sGqeJoxs=
github.com/google/pprof v0.0.0-20250317173921-a4b03ec1a45e/go.mod h1:boTsfXsheKC2y+lKOCMpSfarhxDeIzfZG1jqGcPl3cA=
github.com/google/uuid v1.6.0 h1:NIvaJDMOsjHA8n1jAhLSgzrAzy1Hgr+hNrb57e+94F0=
github.com/google/uuid v1.6.0/go.mod h1:TIyPZe4MgqvfeYDBFedMoGGpEw/LqOeaOT+nhxU+yHo=
github.com/jaswdr/faker/v2 v2.8.0 h1:3AxdXW9U7dJmWckh/P0YgRbNlCcVsTyrUNUnLVP9b3Q=
github.com/jaswdr/faker/v2 v2.8.0/go.mod h1:jZq+qzNQr8/P+5fHd9t3txe2GNPnthrTfohtnJ7B+68=
github.com/jaswdr/faker/v2 v2.8.1 h1:2AcPgHDBXYQregFUH9LgVZKfFupc4SIquYhp29sf5wQ=
github.com/jaswdr/faker/v2 v2.8.1/go.mod h1:jZq+qzNQr8/P+5fHd9t3txe2GNPnthrTfohtnJ7B+68=
github.com/jaswdr/faker/v2 v2.9.0 h1:Sqqpp+pxduDO+MGOhYE3UHtI9Sowt9j95f8h8nVvips=
github.com/jaswdr/faker/v2 v2.9.0/go.mod h1:jZq+qzNQr8/P+5fHd9t3txe2GNPnthrTfohtnJ7B+68=
github.com/joho/godotenv v1.5.1 h1:7eLL/+HRGLY0ldzfGMeQkb7vMd0as4CfYvUVzLqw0N0=
github.com/joho/godotenv v1.5.1/go.mod h1:f4LDr5Voq0i2e/R5DDNOoa2zzDfwtkZa6DnEwAbqwq4=
github.com/lib/pq v1.10.9 h1:YXG7RB+JIjhP29X+OtkiDnYaXQwpS4JEWq7dtCCRUEw=
github.com/lib/pq v1.10.9/go.mod h1:AlVN5x4E4T544tWzH6hKfbfQvm3HdbOxrmggDNAPY9o=
github.com/mattn/go-isatty v0.0.20 h1:xfD0iDuEKnDkl03q4limB+vH+GxLEtL/jb4xVJSWWEY=
github.com/mattn/go-isatty v0.0.20/go.mod h1:W+V8PltTTMOvKvAeJH7IuucS94S2C6jfK/D7dTCTo3Y=
github.com/mattn/go-sqlite3 v1.14.28 h1:ThEiQrnbtumT+QMknw63Befp/ce/nUPgBPMlRFEum7A=
github.com/mattn/go-sqlite3 v1.14.28/go.mod h1:Uh1q+B4BYcTPb+yiD3kU8Ct7aC0hY9fxUwlHK0RXw+Y=
github.com/mitchellh/mapstructure v1.5.0 h1:jeMsZIYE/09sWLaz43PL7Gy6RuMjD2eJVyuac5Z2hdY=
github.com/mitchellh/mapstructure v1.5.0/go.mod h1:bFUtVrKA4DC2yAKiSyO/QUcy7e+RRV2QTWOzhPopBRo=
github.com/ncruces/go-strftime v0.1.9 h1:bY0MQC28UADQmHmaF5dgpLmImcShSi2kHU9XLdhx/f4=
github.com/ncruces/go-strftime v0.1.9/go.mod h1:Fwc5htZGVVkseilnfgOVb9mKy6w1naJmn9CehxcKcls=
github.com/pmezard/go-difflib v1.0.0 h1:4DBwDE0NGyQoBHbLQYPwSUPoCMWR5BEzIk/f1lZbAQM=
github.com/pmezard/go-difflib v1.0.0/go.mod h1:iKH77koFhYxTK1pcRnkKkqfTogsbg7gZNVY4sRDYZ/4=
github.com/qdm12/reprint v0.0.0-20200326205758-722754a53494 h1:wSmWgpuccqS2IOfmYrbRiUgv+g37W5suLLLxwwniTSc=
github.com/qdm12/reprint v0.0.0-20200326205758-722754a53494/go.mod h1:yipyliwI08eQ6XwDm1fEwKPdF/xdbkiHtrU+1Hg+vc4=
github.com/remyoudompheng/bigfft v0.0.0-20230129092748-24d4a6f8daec h1:W09IVJc94icq4NjY3clb7Lk8O1qJ8BdBEF8z0ibU0rE=
github.com/remyoudompheng/bigfft v0.0.0-20230129092748-24d4a6f8daec/go.mod h1:qqbHyh8v60DhA7CoWK5oRCqLrMHRGoxYCSS9EjAz6Eo=
github.com/rs/cors v1.11.1 h1:eU3gRzXLRK57F5rKMGMZURNdIG4EoAmX8k94r9wXWHA=
github.com/rs/cors v1.11.1/go.mod h1:XyqrcTp5zjWr1wsJ8PIRZssZ8b/WMcMf71DJnit4EMU=
github.com/spotdemo4/dbmate-sqlite-modernc v0.0.3 h1:U/mix+tE4j8pJPENtXAMmUxHo6vZX6IDFfEw5CqV8jg=
github.com/spotdemo4/dbmate-sqlite-modernc v0.0.3/go.mod h1:JwuvDDgb1VLGyHgSsQN3I+dx6QkEGk86o6Yc8vxzG/4=
github.com/stephenafamo/bob v0.40.2 h1:VNb25TmDFuqxpRoP1ZjsFURs/t7/10LWkpDM+KovV6M=
github.com/stephenafamo/bob v0.40.2/go.mod h1:8l55917DM36gF518Iz1MHjLds7KGAfkitJfxISYlth8=
github.com/stephenafamo/bob v0.41.1 h1:xcRPuRMCwtZZ9tS4JIVbZ5Erdm5Dy5dIvbS5kivwPpA=
github.com/stephenafamo/bob v0.41.1/go.mod h1:8l55917DM36gF518Iz1MHjLds7KGAfkitJfxISYlth8=
github.com/stephenafamo/fakedb v0.0.0-20221230081958-0b86f816ed97 h1:XItoZNmhOih06TC02jK7l3wlpZ0XT/sPQYutDcGOQjg=
github.com/stephenafamo/fakedb v0.0.0-20221230081958-0b86f816ed97/go.mod h1:bM3Vmw1IakoaXocHmMIGgJFYob0vuK+CFWiJHQvz0jQ=
github.com/stephenafamo/scan v0.7.0 h1:lfFiD9H5+n4AdK3qNzXQjj2M3NfTOpmWBIA39NwB94c=
github.com/stephenafamo/scan v0.7.0/go.mod h1:FhIUJ8pLNyex36xGFiazDJJ5Xry0UkAi+RkWRrEcRMg=
github.com/stephenafamo/sqlparser v0.0.0-20250521201114-5cfed001272d h1:YmPQh4pYOjqGWllnvJ2EoMZe1a8RgAyBrw4cH2FfabY=
github.com/stephenafamo/sqlparser v0.0.0-20250521201114-5cfed001272d/go.mod h1:2ATW++wFz7Mvc/N+nUtQnU+9VIGAxrn8m9JCLDSWMsQ=
github.com/stoewer/go-strcase v1.3.1 h1:iS0MdW+kVTxgMoE1LAZyMiYJFKlOzLooE4MxjirtkAs=
github.com/stoewer/go-strcase v1.3.1/go.mod h1:fAH5hQ5pehh+j3nZfvwdk2RgEgQjAoM8wodgtPmh1xo=
github.com/stretchr/objx v0.1.0/go.mod h1:HFkY916IF+rwdDfMAkV7OtwuqBVzrE8GR6GFx+wExME=
github.com/stretchr/objx v0.4.0/go.mod h1:YvHI0jy2hoMjB+UWwv71VJQ9isScKT/TqJzVSSt89Yw=
github.com/stretchr/objx v0.5.0/go.mod h1:Yh+to48EsGEfYuaHDzXPcE3xhTkx73EhmCGUpEOglKo=
github.com/stretchr/testify v1.4.0/go.mod h1:j7eGeouHqKxXV5pUuKE4zz7dFj8WfuZ+81PSLYec5m4=
github.com/stretchr/testify v1.7.1/go.mod h1:6Fq8oRcR53rry900zMqJjRRixrwX3KX962/h/Wwjteg=
github.com/stretchr/testify v1.8.0/go.mod h1:yNjHg4UonilssWZ8iaSj1OCr/vHnekPRkoO+kdMU+MU=
github.com/stretchr/testify v1.8.1/go.mod h1:w2LPCIKwWwSfY2zedu0+kehJoqGctiVI29o6fzry7u4=
github.com/stretchr/testify v1.10.0 h1:Xv5erBjTwe/5IxqUQTdXv5kgmIvbHo3QQyRwhJsOfJA=
github.com/stretchr/testify v1.10.0/go.mod h1:r2ic/lqez/lEtzL7wO/rwa5dbSLXVDPFyf8C91i36aY=
github.com/x448/float16 v0.8.4 h1:qLwI1I70+NjRFUR3zs1JPUCgaCXSh3SW62uAKT1mSBM=
github.com/x448/float16 v0.8.4/go.mod h1:14CWIYCyZA/cWjXOioeEpHeN/83MdbZDRQHoFcYsOfg=
github.com/zenizh/go-capturer v0.0.0-20211219060012-52ea6c8fed04 h1:qXafrlZL1WsJW5OokjraLLRURHiw0OzKHD/RNdspp4w=
github.com/zenizh/go-capturer v0.0.0-20211219060012-52ea6c8fed04/go.mod h1:FiwNQxz6hGoNFBC4nIx+CxZhI3nne5RmIOlT/MXcSD4=
golang.org/x/crypto v0.41.0 h1:WKYxWedPGCTVVl5+WHSSrOBT0O8lx32+zxmHxijgXp4=
golang.org/x/crypto v0.41.0/go.mod h1:pO5AFd7FA68rFak7rOAGVuygIISepHftHnr8dr6+sUc=
golang.org/x/crypto v0.42.0 h1:chiH31gIWm57EkTXpwnqf8qeuMUi0yekh6mT2AvFlqI=
golang.org/x/crypto v0.42.0/go.mod h1:4+rDnOTJhQCx2q7/j6rAN5XDw8kPjeaXEUR2eL94ix8=
golang.org/x/crypto v0.43.0 h1:dduJYIi3A3KOfdGOHX8AVZ/jGiyPa3IbBozJ5kNuE04=
golang.org/x/crypto v0.43.0/go.mod h1:BFbav4mRNlXJL4wNeejLpWxB7wMbc79PdRGhWKncxR0=
golang.org/x/exp v0.0.0-20250718183923-645b1fa84792 h1:R9PFI6EUdfVKgwKjZef7QIwGcBKu86OEFpJ9nUEP2l4=
golang.org/x/exp v0.0.0-20250718183923-645b1fa84792/go.mod h1:A+z0yzpGtvnG90cToK5n2tu8UJVP2XUATh+r+sfOOOc=
golang.org/x/mod v0.26.0 h1:EGMPT//Ezu+ylkCijjPc+f4Aih7sZvaAr+O3EHBxvZg=
golang.org/x/mod v0.26.0/go.mod h1:/j6NAhSk8iQ723BGAUyoAcn7SlD7s15Dp9Nd/SfeaFQ=
golang.org/x/net v0.43.0 h1:lat02VYK2j4aLzMzecihNvTlJNQUq316m2Mr9rnM6YE=
golang.org/x/net v0.43.0/go.mod h1:vhO1fvI4dGsIjh73sWfUVjj3N7CA9WkKJNQm2svM6Jg=
golang.org/x/net v0.44.0 h1:evd8IRDyfNBMBTTY5XRF1vaZlD+EmWx6x8PkhR04H/I=
golang.org/x/net v0.44.0/go.mod h1:ECOoLqd5U3Lhyeyo/QDCEVQ4sNgYsqvCZ722XogGieY=
golang.org/x/net v0.46.0 h1:giFlY12I07fugqwPuWJi68oOnpfqFnJIJzaIIm2JVV4=
golang.org/x/net v0.46.0/go.mod h1:Q9BGdFy1y4nkUwiLvT5qtyhAnEHgnQ/zd8PfU6nc210=
golang.org/x/sync v0.16.0 h1:ycBJEhp9p4vXvUZNszeOq0kGTPghopOL8q0fq3vstxw=
golang.org/x/sync v0.16.0/go.mod h1:1dzgHSNfp02xaA81J2MS99Qcpr2w7fw1gpm99rleRqA=
golang.org/x/sys v0.6.0/go.mod h1:oPkhp1MJrh7nUepCBck5+mAzfO9JrbApNNgaTdGDITg=
golang.org/x/sys v0.35.0 h1:vz1N37gP5bs89s7He8XuIYXpyY0+QlsKmzipCbUtyxI=
golang.org/x/sys v0.35.0/go.mod h1:BJP2sWEmIv4KK5OTEluFJCKSidICx8ciO85XgH3Ak8k=
golang.org/x/sys v0.36.0 h1:KVRy2GtZBrk1cBYA7MKu5bEZFxQk4NIDV6RLVcC8o0k=
golang.org/x/sys v0.36.0/go.mod h1:OgkHotnGiDImocRcuBABYBEXf8A9a87e/uXjp9XT3ks=
golang.org/x/sys v0.37.0 h1:fdNQudmxPjkdUTPnLn5mdQv7Zwvbvpaxqs831goi9kQ=
golang.org/x/sys v0.37.0/go.mod h1:OgkHotnGiDImocRcuBABYBEXf8A9a87e/uXjp9XT3ks=
golang.org/x/text v0.28.0 h1:rhazDwis8INMIwQ4tpjLDzUhx6RlXqZNPEM0huQojng=
golang.org/x/text v0.28.0/go.mod h1:U8nCwOR8jO/marOQ0QbDiOngZVEBB7MAiitBuMjXiNU=
golang.org/x/text v0.29.0 h1:1neNs90w9YzJ9BocxfsQNHKuAT4pkghyXc4nhZ6sJvk=
golang.org/x/text v0.29.0/go.mod h1:7MhJOA9CD2qZyOKYazxdYMF85OwPdEr9jTtBpO7ydH4=
golang.org/x/text v0.30.0 h1:yznKA/E9zq54KzlzBEAWn1NXSQ8DIp/NYMy88xJjl4k=
golang.org/x/text v0.30.0/go.mod h1:yDdHFIX9t+tORqspjENWgzaCVXgk0yYnYuSZ8UzzBVM=
golang.org/x/time v0.12.0 h1:ScB/8o8olJvc+CQPWrK3fPZNfh7qgwCrY0zJmoEQLSE=
golang.org/x/time v0.12.0/go.mod h1:CDIdPxbZBQxdj6cxyCIdrNogrJKMJ7pr37NYpMcMDSg=
golang.org/x/time v0.13.0 h1:eUlYslOIt32DgYD6utsuUeHs4d7AsEYLuIAdg7FlYgI=
golang.org/x/time v0.13.0/go.mod h1:eL/Oa2bBBK0TkX57Fyni+NgnyQQN4LitPmob2Hjnqw4=
golang.org/x/time v0.14.0 h1:MRx4UaLrDotUKUdCIqzPC48t1Y9hANFKIRpNx+Te8PI=
golang.org/x/time v0.14.0/go.mod h1:eL/Oa2bBBK0TkX57Fyni+NgnyQQN4LitPmob2Hjnqw4=
golang.org/x/tools v0.35.0 h1:mBffYraMEf7aa0sB+NuKnuCy8qI/9Bughn8dC2Gu5r0=
golang.org/x/tools v0.35.0/go.mod h1:NKdj5HkL/73byiZSJjqJgKn3ep7KjFkBOkR/Hps3VPw=
google.golang.org/genproto/googleapis/api v0.0.0-20250721164621-a45f3dfb1074 h1:mVXdvnmR3S3BQOqHECm9NGMjYiRtEvDYcqAqedTXY6s=
google.golang.org/genproto/googleapis/api v0.0.0-20250721164621-a45f3dfb1074/go.mod h1:vYFwMYFbmA8vl6Z/krj/h7+U/AqpHknwJX4Uqgfyc7I=
google.golang.org/genproto/googleapis/rpc v0.0.0-20250721164621-a45f3dfb1074 h1:qJW29YvkiJmXOYMu5Tf8lyrTp3dOS+K4z6IixtLaCf8=
google.golang.org/genproto/googleapis/rpc v0.0.0-20250721164621-a45f3dfb1074/go.mod h1:qQ0YXyHHx3XkvlzUtpXDkS29lDSafHMZBAZDc03LQ3A=
google.golang.org/protobuf v1.36.7 h1:IgrO7UwFQGJdRNXH/sQux4R1Dj1WAKcLElzeeRaXV2A=
google.golang.org/protobuf v1.36.7/go.mod h1:jduwjTPXsFjZGTmRluh+L6NjiWu7pchiJ2/5YcXBHnY=
google.golang.org/protobuf v1.36.8 h1:xHScyCOEuuwZEc6UtSOvPbAT4zRh0xcNRYekJwfqyMc=
google.golang.org/protobuf v1.36.8/go.mod h1:fuxRtAxBytpl4zzqUh6/eyUujkJdNiuEkXntxiD/uRU=
google.golang.org/protobuf v1.36.9 h1:w2gp2mA27hUeUzj9Ex9FBjsBm40zfaDtEWow293U7Iw=
google.golang.org/protobuf v1.36.9/go.mod h1:fuxRtAxBytpl4zzqUh6/eyUujkJdNiuEkXntxiD/uRU=
google.golang.org/protobuf v1.36.10 h1:AYd7cD/uASjIL6Q9LiTjz8JLcrh/88q5UObnmY3aOOE=
google.golang.org/protobuf v1.36.10/go.mod h1:HTf+CrKn2C3g5S8VImy6tdcUvCska2kB7j23XfzDpco=
gopkg.in/check.v1 v0.0.0-20161208181325-20d25e280405/go.mod h1:Co6ibVJAznAaIkqp8huTwlJQCZ016jof/cbN4VW5Yz0=
gopkg.in/yaml.v2 v2.2.2/go.mod h1:hI93XBmqTisBFMUTm0b8Fm+jr3Dg1NNxqwp+5A1VGuI=
gopkg.in/yaml.v3 v3.0.0-20200313102051-9f266ea9e77c/go.mod h1:K4uyk7z7BCEPqu6E+C64Yfv1cQ7kz7rIZviUmN+EgEM=
gopkg.in/yaml.v3 v3.0.1 h1:fxVm/GzAzEWqLHuvctI91KS9hhNmmWOoWu0XTYJS7CA=
gopkg.in/yaml.v3 v3.0.1/go.mod h1:K4uyk7z7BCEPqu6E+C64Yfv1cQ7kz7rIZviUmN+EgEM=
modernc.org/cc/v4 v4.26.2 h1:991HMkLjJzYBIfha6ECZdjrIYz2/1ayr+FL8GN+CNzM=
modernc.org/cc/v4 v4.26.2/go.mod h1:uVtb5OGqUKpoLWhqwNQo/8LwvoiEBLvZXIQ/SmO6mL0=
modernc.org/ccgo/v4 v4.28.0 h1:rjznn6WWehKq7dG4JtLRKxb52Ecv8OUGah8+Z/SfpNU=
modernc.org/ccgo/v4 v4.28.0/go.mod h1:JygV3+9AV6SmPhDasu4JgquwU81XAKLd3OKTUDNOiKE=
modernc.org/fileutil v1.3.8 h1:qtzNm7ED75pd1C7WgAGcK4edm4fvhtBsEiI/0NQ54YM=
modernc.org/fileutil v1.3.8/go.mod h1:HxmghZSZVAz/LXcMNwZPA/DRrQZEVP9VX0V4LQGQFOc=
modernc.org/gc/v2 v2.6.5 h1:nyqdV8q46KvTpZlsw66kWqwXRHdjIlJOhG6kxiV/9xI=
modernc.org/gc/v2 v2.6.5/go.mod h1:YgIahr1ypgfe7chRuJi2gD7DBQiKSLMPgBQe9oIiito=
modernc.org/goabi0 v0.2.0 h1:HvEowk7LxcPd0eq6mVOAEMai46V+i7Jrj13t4AzuNks=
modernc.org/goabi0 v0.2.0/go.mod h1:CEFRnnJhKvWT1c1JTI3Avm+tgOWbkOu5oPA8eH8LnMI=
modernc.org/libc v1.66.3 h1:cfCbjTUcdsKyyZZfEUKfoHcP3S0Wkvz3jgSzByEWVCQ=
modernc.org/libc v1.66.3/go.mod h1:XD9zO8kt59cANKvHPXpx7yS2ELPheAey0vjIuZOhOU8=
modernc.org/libc v1.66.10 h1:yZkb3YeLx4oynyR+iUsXsybsX4Ubx7MQlSYEw4yj59A=
modernc.org/libc v1.66.10/go.mod h1:8vGSEwvoUoltr4dlywvHqjtAqHBaw0j1jI7iFBTAr2I=
modernc.org/mathutil v1.7.1 h1:GCZVGXdaN8gTqB1Mf/usp1Y/hSqgI2vAGGP4jZMCxOU=
modernc.org/mathutil v1.7.1/go.mod h1:4p5IwJITfppl0G4sUEDtCr4DthTaT47/N3aT6MhfgJg=
modernc.org/memory v1.11.0 h1:o4QC8aMQzmcwCK3t3Ux/ZHmwFPzE6hf2Y5LbkRs+hbI=
modernc.org/memory v1.11.0/go.mod h1:/JP4VbVC+K5sU2wZi9bHoq2MAkCnrt2r98UGeSK7Mjw=
modernc.org/opt v0.1.4 h1:2kNGMRiUjrp4LcaPuLY2PzUfqM/w9N23quVwhKt5Qm8=
modernc.org/opt v0.1.4/go.mod h1:03fq9lsNfvkYSfxrfUhZCWPk1lm4cq4N+Bh//bEtgns=
modernc.org/sortutil v1.2.1 h1:+xyoGf15mM3NMlPDnFqrteY07klSFxLElE2PVuWIJ7w=
modernc.org/sortutil v1.2.1/go.mod h1:7ZI3a3REbai7gzCLcotuw9AC4VZVpYMjDzETGsSMqJE=
modernc.org/sqlite v1.38.2 h1:Aclu7+tgjgcQVShZqim41Bbw9Cho0y/7WzYptXqkEek=
modernc.org/sqlite v1.38.2/go.mod h1:cPTJYSlgg3Sfg046yBShXENNtPrWrDX8bsbAQBzgQ5E=
modernc.org/sqlite v1.39.0 h1:6bwu9Ooim0yVYA7IZn9demiQk/Ejp0BtTjBWFLymSeY=
modernc.org/sqlite v1.39.0/go.mod h1:cPTJYSlgg3Sfg046yBShXENNtPrWrDX8bsbAQBzgQ5E=
modernc.org/sqlite v1.39.1 h1:H+/wGFzuSCIEVCvXYVHX5RQglwhMOvtHSv+VtidL2r4=
modernc.org/sqlite v1.39.1/go.mod h1:9fjQZ0mB1LLP0GYrp39oOJXx/I2sxEnZtzCmEQIKvGE=
modernc.org/sqlite v1.40.0 h1:bNWEDlYhNPAUdUdBzjAvn8icAs/2gaKlj4vM+tQ6KdQ=
modernc.org/sqlite v1.40.0/go.mod h1:9fjQZ0mB1LLP0GYrp39oOJXx/I2sxEnZtzCmEQIKvGE=
modernc.org/strutil v1.2.1 h1:UneZBkQA+DX2Rp35KcM69cSsNES9ly8mQWD71HKlOA0=
modernc.org/strutil v1.2.1/go.mod h1:EHkiggD70koQxjVdSBM3JKM7k6L0FbGE5eymy9i3B9A=
modernc.org/token v1.1.0 h1:Xl7Ap9dKaEs5kLoOQeQmPWevfnk/DM5qcLcYlA8ys6Y=
modernc.org/token v1.1.0/go.mod h1:UGzOrNV1mAFSEB63lOFHIpNRUVMvYTc6yu1SMY/XTDM=
